
Microsoft Visual Studio Solution File, Format Version 12.00
# Visual Studio Version 17
VisualStudioVersion = 17.3.32901.215
MinimumVisualStudioVersion = 10.0.40219.1
Project("{8BC9CEB8-8B4A-11D0-8D11-00A0C91BC942}") = "IntroductionToOOP", "IntroductionToOOP\IntroductionToOOP.vcxproj", "{DBAC57BD-6581-4AFD-8F0A-88E86D45E1EF}"
EndProject
Project("{8BC9CEB8-8B4A-11D0-8D11-00A0C91BC942}") = "Fraction", "Fraction\Fraction.vcxproj", "{487AFD67-3CA3-4232-94E0-58BF1C52F222}"
EndProject
Project("{8BC9CEB8-8B4A-11D0-8D11-00A0C91BC942}") = "TEST", "TEST\TEST.vcxproj", "{86618C18-5EAE-4C13-BF73-B51676360D01}"
EndProject
Global
	GlobalSection(SolutionConfigurationPlatforms) = preSolution
		Debug|x64 = Debug|x64
		Debug|x86 = Debug|x86
		Release|x64 = Release|x64
		Release|x86 = Release|x86
	EndGlobalSection
	GlobalSection(ProjectConfigurationPlatforms) = postSolution
		{DBAC57BD-6581-4AFD-8F0A-88E86D45E1EF}.Debug|x64.ActiveCfg = Debug|x64
		{DBAC57BD-6581-4AFD-8F0A-88E86D45E1EF}.Debug|x64.Build.0 = Debug|x64
		{DBAC57BD-6581-4AFD-8F0A-88E86D45E1EF}.Debug|x86.ActiveCfg = Debug|Win32
		{DBAC57BD-6581-4AFD-8F0A-88E86D45E1EF}.Debug|x86.Build.0 = Debug|Win32
		{DBAC57BD-6581-4AFD-8F0A-88E86D45E1EF}.Release|x64.ActiveCfg = Release|x64
		{DBAC57BD-6581-4AFD-8F0A-88E86D45E1EF}.Release|x64.Build.0 = Release|x64
		{DBAC57BD-6581-4AFD-8F0A-88E86D45E1EF}.Release|x86.ActiveCfg = Release|Win32
		{DBAC57BD-6581-4AFD-8F0A-88E86D45E1EF}.Release|x86.Build.0 = Release|Win32
		{487AFD67-3CA3-4232-94E0-58BF1C52F222}.Debug|x64.ActiveCfg = Debug|x64
		{487AFD67-3CA3-4232-94E0-58BF1C52F222}.Debug|x64.Build.0 = Debug|x64
		{487AFD67-3CA3-4232-94E0-58BF1C52F222}.Debug|x86.ActiveCfg = Debug|Win32
		{487AFD67-3CA3-4232-94E0-58BF1C52F222}.Debug|x86.Build.0 = Debug|Win32
		{487AFD67-3CA3-4232-94E0-58BF1C52F222}.Release|x64.ActiveCfg = Release|x64
		{487AFD67-3CA3-4232-94E0-58BF1C52F222}.Release|x64.Build.0 = Release|x64
		{487AFD67-3CA3-4232-94E0-58BF1C52F222}.Release|x86.ActiveCfg = Release|Win32
		{487AFD67-3CA3-4232-94E0-58BF1C52F222}.Release|x86.Build.0 = Release|Win32
		{86618C18-5EAE-4C13-BF73-B51676360D01}.Debug|x64.ActiveCfg = Debug|x64
		{86618C18-5EAE-4C13-BF73-B51676360D01}.Debug|x64.Build.0 = Debug|x64
		{86618C18-5EAE-4C13-BF73-B51676360D01}.Debug|x86.ActiveCfg = Debug|Win32
		{86618C18-5EAE-4C13-BF73-B51676360D01}.Debug|x86.Build.0 = Debug|Win32
		{86618C18-5EAE-4C13-BF73-B51676360D01}.Release|x64.ActiveCfg = Release|x64
		{86618C18-5EAE-4C13-BF73-B51676360D01}.Release|x64.Build.0 = Release|x64
		{86618C18-5EAE-4C13-BF73-B51676360D01}.Release|x86.ActiveCfg = Release|Win32
		{86618C18-5EAE-4C13-BF73-B51676360D01}.Release|x86.Build.0 = Release|Win32
	EndGlobalSection
	GlobalSection(SolutionProperties) = preSolution
		HideSolutionNode = FALSE
	EndGlobalSection
	GlobalSection(ExtensibilityGlobals) = postSolution
		SolutionGuid = {BEE27ED8-3BD1-48EB-9989-1DAB4D79D428}
	EndGlobalSection
EndGlobal
